Microsoft Visual Studio Solution File, Format Version 11.00
# Visual Studio 2008

Project("{2A28322B-7E98-EB59-D888-3B64AF6C509A}") = "AP-Lit-Proj-Flies-Thingo", "Assembly-CSharp-firstpass-vs.csproj", "{66F907D9-5518-C27B-7EB0-CB00DFACD3EE}"
EndProject
Project("{2A28322B-7E98-EB59-D888-3B64AF6C509A}") = "AP-Lit-Proj-Flies-Thingo", "Assembly-CSharp-vs.csproj", "{D22876B2-F993-152E-7A10-841CDD30A6DC}"
EndProject
Project("{2A28322B-7E98-EB59-D888-3B64AF6C509A}") = "AP-Lit-Proj-Flies-Thingo", "Assembly-CSharp-Editor-vs.csproj", "{FD3AF04B-5FB2-34D1-8D5C-CD236EE1F7F1}"
EndProject
Global
	GlobalSection(SolutionConfigurationPlatforms) = preSolution
		Debug|Any CPU = Debug|Any CPU
		Release|Any CPU = Release|Any CPU
	EndGlobalSection
	GlobalSection(ProjectConfigurationPlatforms) = postSolution
		{66F907D9-5518-C27B-7EB0-CB00DFACD3EE}.Debug|Any CPU.ActiveCfg = Debug|Any CPU
		{66F907D9-5518-C27B-7EB0-CB00DFACD3EE}.Debug|Any CPU.Build.0 = Debug|Any CPU
		{66F907D9-5518-C27B-7EB0-CB00DFACD3EE}.Release|Any CPU.ActiveCfg = Release|Any CPU
		{66F907D9-5518-C27B-7EB0-CB00DFACD3EE}.Release|Any CPU.Build.0 = Release|Any CPU
		{D22876B2-F993-152E-7A10-841CDD30A6DC}.Debug|Any CPU.ActiveCfg = Debug|Any CPU
		{D22876B2-F993-152E-7A10-841CDD30A6DC}.Debug|Any CPU.Build.0 = Debug|Any CPU
		{D22876B2-F993-152E-7A10-841CDD30A6DC}.Release|Any CPU.ActiveCfg = Release|Any CPU
		{D22876B2-F993-152E-7A10-841CDD30A6DC}.Release|Any CPU.Build.0 = Release|Any CPU
		{FD3AF04B-5FB2-34D1-8D5C-CD236EE1F7F1}.Debug|Any CPU.ActiveCfg = Debug|Any CPU
		{FD3AF04B-5FB2-34D1-8D5C-CD236EE1F7F1}.Debug|Any CPU.Build.0 = Debug|Any CPU
		{FD3AF04B-5FB2-34D1-8D5C-CD236EE1F7F1}.Release|Any CPU.ActiveCfg = Release|Any CPU
		{FD3AF04B-5FB2-34D1-8D5C-CD236EE1F7F1}.Release|Any CPU.Build.0 = Release|Any CPU
	EndGlobalSection
	GlobalSection(SolutionProperties) = preSolution
		HideSolutionNode = FALSE
	EndGlobalSection
																																			GlobalSection(MonoDevelopProperties) = preSolution
		StartupItem = Assembly-CSharp.csproj
		Policies = $0
		$0.TextStylePolicy = $1
		$1.inheritsSet = null
		$1.scope = text/x-csharp
		$0.CSharpFormattingPolicy = $2
		$2.inheritsSet = Mono
		$2.inheritsScope = text/x-csharp
		$2.scope = text/x-csharp
		$0.TextStylePolicy = $3
		$3.FileWidth = 120
		$3.TabWidth = 4
		$3.IndentWidth = 4
		$3.EolMarker = Unix
		$3.inheritsSet = Mono
		$3.inheritsScope = text/plain
		$3.scope = text/plain
	EndGlobalSection

EndGlobal
